
Microsoft Visual Studio Solution File, Format Version 12.00
# Visual Studio Version 16
VisualStudioVersion = 16.0.31702.278
MinimumVisualStudioVersion = 10.0.40219.1
Project("{FAE04EC0-301F-11D3-BF4B-00C04F79EFBC}") = "CadastroProduto.API", "CadastroProduto.API\CadastroProduto.API.csproj", "{010F1C89-5BCC-4B8A-AD7B-0E00FF5414F4}"
EndProject
Global
	GlobalSection(SolutionConfigurationPlatforms) = preSolution
		Debug|Any CPU = Debug|Any CPU
		Release|Any CPU = Release|Any CPU
	EndGlobalSection
	GlobalSection(ProjectConfigurationPlatforms) = postSolution
		{010F1C89-5BCC-4B8A-AD7B-0E00FF5414F4}.Debug|Any CPU.ActiveCfg = Debug|Any CPU
		{010F1C89-5BCC-4B8A-AD7B-0E00FF5414F4}.Debug|Any CPU.Build.0 = Debug|Any CPU
		{010F1C89-5BCC-4B8A-AD7B-0E00FF5414F4}.Release|Any CPU.ActiveCfg = Release|Any CPU
		{010F1C89-5BCC-4B8A-AD7B-0E00FF5414F4}.Release|Any CPU.Build.0 = Release|Any CPU
	EndGlobalSection
	GlobalSection(SolutionProperties) = preSolution
		HideSolutionNode = FALSE
	EndGlobalSection
	GlobalSection(ExtensibilityGlobals) = postSolution
		SolutionGuid = {0F1E131C-B005-4BE2-862B-E6F45728E53B}
	EndGlobalSection
EndGlobal
